{
  "name": "themis-finals",
  "version": "0.0.1",
  "dependencies": {
    "alt": {
      "version": "0.17.1",
      "from": "alt@*",
      "resolved": "https://registry.npmjs.org/alt/-/alt-0.17.1.tgz",
      "dependencies": {
        "flux": {
          "version": "2.0.3",
          "from": "flux@2.0.3",
          "resolved": "https://registry.npmjs.org/flux/-/flux-2.0.3.tgz"
        },
        "transmitter": {
          "version": "1.0.2",
          "from": "transmitter@1.0.2",
          "resolved": "https://registry.npmjs.org/transmitter/-/transmitter-1.0.2.tgz"
        }
      }
    },
    "array.prototype.find": {
      "version": "1.0.0",
      "from": "https://registry.npmjs.org/array.prototype.find/-/array.prototype.find-1.0.0.tgz",
      "resolved": "https://registry.npmjs.org/array.prototype.find/-/array.prototype.find-1.0.0.tgz"
    },
    "es6-promise": {
      "version": "2.3.0",
      "from": "https://registry.npmjs.org/es6-promise/-/es6-promise-2.3.0.tgz",
      "resolved": "https://registry.npmjs.org/es6-promise/-/es6-promise-2.3.0.tgz"
    },
    "immutable": {
      "version": "3.7.4",
      "from": "immutable@*",
      "resolved": "https://registry.npmjs.org/immutable/-/immutable-3.7.4.tgz"
    },
    "markdown-it": {
      "version": "4.4.0",
      "from": "markdown-it@*",
      "resolved": "https://registry.npmjs.org/markdown-it/-/markdown-it-4.4.0.tgz",
      "dependencies": {
        "argparse": {
          "version": "1.0.2",
          "from": "argparse@>=1.0.2 <1.1.0",
          "resolved": "https://registry.npmjs.org/argparse/-/argparse-1.0.2.tgz",
          "dependencies": {
            "lodash": {
              "version": "3.10.1",
              "from": "lodash@>=3.2.0 <4.0.0",
              "resolved": "https://registry.npmjs.org/lodash/-/lodash-3.10.1.tgz"
            },
            "sprintf-js": {
              "version": "1.0.3",
              "from": "sprintf-js@>=1.0.2 <1.1.0",
              "resolved": "https://registry.npmjs.org/sprintf-js/-/sprintf-js-1.0.3.tgz"
            }
          }
        },
        "entities": {
          "version": "1.1.1",
          "from": "entities@>=1.1.1 <1.2.0",
          "resolved": "https://registry.npmjs.org/entities/-/entities-1.1.1.tgz"
        },
        "linkify-it": {
          "version": "1.2.0",
          "from": "linkify-it@>=1.2.0 <1.3.0",
          "resolved": "https://registry.npmjs.org/linkify-it/-/linkify-it-1.2.0.tgz"
        },
        "mdurl": {
          "version": "1.0.0",
          "from": "mdurl@>=1.0.0 <1.1.0",
          "resolved": "https://registry.npmjs.org/mdurl/-/mdurl-1.0.0.tgz"
        },
        "uc.micro": {
          "version": "1.0.0",
          "from": "uc.micro@>=1.0.0 <2.0.0",
          "resolved": "https://registry.npmjs.org/uc.micro/-/uc.micro-1.0.0.tgz"
        }
      }
    },
    "markdown-it-emoji": {
      "version": "1.1.0",
      "from": "markdown-it-emoji@*",
      "resolved": "https://registry.npmjs.org/markdown-it-emoji/-/markdown-it-emoji-1.1.0.tgz"
    },
    "material-ui": {
      "version": "0.11.0",
      "from": "material-ui@0.11.0",
      "resolved": "https://registry.npmjs.org/material-ui/-/material-ui-0.11.0.tgz",
      "dependencies": {
        "react-draggable2": {
          "version": "0.5.1",
          "from": "react-draggable2@>=0.5.1 <0.6.0",
          "resolved": "https://registry.npmjs.org/react-draggable2/-/react-draggable2-0.5.1.tgz"
        }
      }
    },
    "moment": {
      "version": "2.10.6",
      "from": "moment@*",
      "resolved": "https://registry.npmjs.org/moment/-/moment-2.10.6.tgz"
    },
    "normalize.css": {
      "version": "3.0.3",
      "from": "normalize.css@*",
      "resolved": "https://registry.npmjs.org/normalize.css/-/normalize.css-3.0.3.tgz"
    },
    "numeral": {
      "version": "1.5.3",
      "from": "numeral@*",
      "resolved": "https://registry.npmjs.org/numeral/-/numeral-1.5.3.tgz"
    },
    "react": {
      "version": "0.13.3",
      "from": "https://registry.npmjs.org/react/-/react-0.13.3.tgz",
      "resolved": "https://registry.npmjs.org/react/-/react-0.13.3.tgz",
      "dependencies": {
        "envify": {
          "version": "3.4.0",
          "from": "https://registry.npmjs.org/envify/-/envify-3.4.0.tgz",
          "resolved": "https://registry.npmjs.org/envify/-/envify-3.4.0.tgz",
          "dependencies": {
            "through": {
              "version": "2.3.8",
              "from": "https://registry.npmjs.org/through/-/through-2.3.8.tgz",
              "resolved": "https://registry.npmjs.org/through/-/through-2.3.8.tgz"
            },
            "jstransform": {
              "version": "10.1.0",
              "from": "https://registry.npmjs.org/jstransform/-/jstransform-10.1.0.tgz",
              "resolved": "https://registry.npmjs.org/jstransform/-/jstransform-10.1.0.tgz",
              "dependencies": {
                "base62": {
                  "version": "0.1.1",
                  "from": "https://registry.npmjs.org/base62/-/base62-0.1.1.tgz",
                  "resolved": "https://registry.npmjs.org/base62/-/base62-0.1.1.tgz"
                },
                "esprima-fb": {
                  "version": "13001.1001.0-dev-harmony-fb",
                  "from": "https://registry.npmjs.org/esprima-fb/-/esprima-fb-13001.1001.0-dev-harmony-fb.tgz",
                  "resolved": "https://registry.npmjs.org/esprima-fb/-/esprima-fb-13001.1001.0-dev-harmony-fb.tgz"
                },
                "source-map": {
                  "version": "0.1.31",
                  "from": "https://registry.npmjs.org/source-map/-/source-map-0.1.31.tgz",
                  "resolved": "https://registry.npmjs.org/source-map/-/source-map-0.1.31.tgz",
                  "dependencies": {
                    "amdefine": {
                      "version": "1.0.0",
                      "from": "https://registry.npmjs.org/amdefine/-/amdefine-1.0.0.tgz",
                      "resolved": "https://registry.npmjs.org/amdefine/-/amdefine-1.0.0.tgz"
                    }
                  }
                }
              }
            }
          }
        }
      }
    },
    "react-document-title": {
      "version": "1.0.3",
      "from": "react-document-title@*",
      "resolved": "https://registry.npmjs.org/react-document-title/-/react-document-title-1.0.3.tgz",
      "dependencies": {
        "react-side-effect": {
          "version": "0.3.1",
          "from": "react-side-effect@>=0.3.1 <0.4.0",
          "resolved": "https://registry.npmjs.org/react-side-effect/-/react-side-effect-0.3.1.tgz"
        }
      }
    },
    "react-router": {
      "version": "0.13.3",
      "from": "https://registry.npmjs.org/react-router/-/react-router-0.13.3.tgz",
      "resolved": "https://registry.npmjs.org/react-router/-/react-router-0.13.3.tgz",
      "dependencies": {
        "object-assign": {
          "version": "2.1.1",
          "from": "https://registry.npmjs.org/object-assign/-/object-assign-2.1.1.tgz",
          "resolved": "https://registry.npmjs.org/object-assign/-/object-assign-2.1.1.tgz"
        },
        "qs": {
          "version": "2.4.1",
          "from": "https://registry.npmjs.org/qs/-/qs-2.4.1.tgz",
          "resolved": "https://registry.npmjs.org/qs/-/qs-2.4.1.tgz"
        }
      }
    },
    "react-tap-event-plugin": {
      "version": "0.1.7",
      "from": "https://registry.npmjs.org/react-tap-event-plugin/-/react-tap-event-plugin-0.1.7.tgz",
      "resolved": "https://registry.npmjs.org/react-tap-event-plugin/-/react-tap-event-plugin-0.1.7.tgz"
    },
    "string.prototype.startswith": {
      "version": "0.2.0",
      "from": "string.prototype.startswith@*",
      "resolved": "https://registry.npmjs.org/string.prototype.startswith/-/string.prototype.startswith-0.2.0.tgz"
    },
    "twemoji": {
      "version": "1.4.1",
      "from": "twemoji@*",
      "resolved": "https://registry.npmjs.org/twemoji/-/twemoji-1.4.1.tgz"
    },
    "whatwg-fetch": {
      "version": "0.9.0",
      "from": "https://registry.npmjs.org/whatwg-fetch/-/whatwg-fetch-0.9.0.tgz",
      "resolved": "https://registry.npmjs.org/whatwg-fetch/-/whatwg-fetch-0.9.0.tgz"
    }
  }
}
